
Microsoft Visual Studio Solution File, Format Version 12.00
# Visual Studio Version 16
VisualStudioVersion = 16.0.31624.102
MinimumVisualStudioVersion = 10.0.40219.1
Project("{8BC9CEB8-8B4A-11D0-8D11-00A0C91BC942}") = "jburkert_MiniProject0.c", "jburkert_MiniProject0.c\jburkert_MiniProject0.c.vcxproj", "{F1263977-ECE4-4B10-A7AC-7FCCA1B8B2EA}"
EndProject
Global
	GlobalSection(SolutionConfigurationPlatforms) = preSolution
		Debug|x64 = Debug|x64
		Debug|x86 = Debug|x86
		Release|x64 = Release|x64
		Release|x86 = Release|x86
	EndGlobalSection
	GlobalSection(ProjectConfigurationPlatforms) = postSolution
		{F1263977-ECE4-4B10-A7AC-7FCCA1B8B2EA}.Debug|x64.ActiveCfg = Debug|x64
		{F1263977-ECE4-4B10-A7AC-7FCCA1B8B2EA}.Debug|x64.Build.0 = Debug|x64
		{F1263977-ECE4-4B10-A7AC-7FCCA1B8B2EA}.Debug|x86.ActiveCfg = Debug|Win32
		{F1263977-ECE4-4B10-A7AC-7FCCA1B8B2EA}.Debug|x86.Build.0 = Debug|Win32
		{F1263977-ECE4-4B10-A7AC-7FCCA1B8B2EA}.Release|x64.ActiveCfg = Release|x64
		{F1263977-ECE4-4B10-A7AC-7FCCA1B8B2EA}.Release|x64.Build.0 = Release|x64
		{F1263977-ECE4-4B10-A7AC-7FCCA1B8B2EA}.Release|x86.ActiveCfg = Release|Win32
		{F1263977-ECE4-4B10-A7AC-7FCCA1B8B2EA}.Release|x86.Build.0 = Release|Win32
	EndGlobalSection
	GlobalSection(SolutionProperties) = preSolution
		HideSolutionNode = FALSE
	EndGlobalSection
	GlobalSection(ExtensibilityGlobals) = postSolution
		SolutionGuid = {2E08A78F-3A62-4713-86A4-72FAA32DAA91}
	EndGlobalSection
EndGlobal
